
Microsoft Visual Studio Solution File, Format Version 12.00
# Visual Studio Version 16
VisualStudioVersion = 16.0.32106.194
MinimumVisualStudioVersion = 10.0.40219.1
Project("{FAE04EC0-301F-11D3-BF4B-00C04F79EFBC}") = "Lesson_1", "Lesson_1\Lesson_1.csproj", "{942FCC54-96A5-40F9-B9E5-3C207390D426}"
EndProject
Project("{FAE04EC0-301F-11D3-BF4B-00C04F79EFBC}") = "Lesson_2", "Lesson_2\Lesson_2.csproj", "{521BE907-18E6-41D1-98B2-B28EB5446563}"
EndProject
Project("{FAE04EC0-301F-11D3-BF4B-00C04F79EFBC}") = "Lesson_3", "Lesson_3\Lesson_3.csproj", "{EBBAFBA7-C2B3-4FCC-953F-A662AC454258}"
EndProject
Project("{FAE04EC0-301F-11D3-BF4B-00C04F79EFBC}") = "Lesson_6", "Lesson_6\Lesson_6.csproj", "{14B2F079-0561-44F7-B2BD-FE20CC5F7A90}"
EndProject
Project("{FAE04EC0-301F-11D3-BF4B-00C04F79EFBC}") = "Lesson_7", "Lesson_7\Lesson_7.csproj", "{4DAA8510-5666-4268-85C1-E73278C7FAD4}"
EndProject
Global
	GlobalSection(SolutionConfigurationPlatforms) = preSolution
		Debug|Any CPU = Debug|Any CPU
		Release|Any CPU = Release|Any CPU
	EndGlobalSection
	GlobalSection(ProjectConfigurationPlatforms) = postSolution
		{942FCC54-96A5-40F9-B9E5-3C207390D426}.Debug|Any CPU.ActiveCfg = Debug|Any CPU
		{942FCC54-96A5-40F9-B9E5-3C207390D426}.Debug|Any CPU.Build.0 = Debug|Any CPU
		{942FCC54-96A5-40F9-B9E5-3C207390D426}.Release|Any CPU.ActiveCfg = Release|Any CPU
		{942FCC54-96A5-40F9-B9E5-3C207390D426}.Release|Any CPU.Build.0 = Release|Any CPU
		{521BE907-18E6-41D1-98B2-B28EB5446563}.Debug|Any CPU.ActiveCfg = Debug|Any CPU
		{521BE907-18E6-41D1-98B2-B28EB5446563}.Debug|Any CPU.Build.0 = Debug|Any CPU
		{521BE907-18E6-41D1-98B2-B28EB5446563}.Release|Any CPU.ActiveCfg = Release|Any CPU
		{521BE907-18E6-41D1-98B2-B28EB5446563}.Release|Any CPU.Build.0 = Release|Any CPU
		{EBBAFBA7-C2B3-4FCC-953F-A662AC454258}.Debug|Any CPU.ActiveCfg = Debug|Any CPU
		{EBBAFBA7-C2B3-4FCC-953F-A662AC454258}.Debug|Any CPU.Build.0 = Debug|Any CPU
		{EBBAFBA7-C2B3-4FCC-953F-A662AC454258}.Release|Any CPU.ActiveCfg = Release|Any CPU
		{EBBAFBA7-C2B3-4FCC-953F-A662AC454258}.Release|Any CPU.Build.0 = Release|Any CPU
		{14B2F079-0561-44F7-B2BD-FE20CC5F7A90}.Debug|Any CPU.ActiveCfg = Debug|Any CPU
		{14B2F079-0561-44F7-B2BD-FE20CC5F7A90}.Debug|Any CPU.Build.0 = Debug|Any CPU
		{14B2F079-0561-44F7-B2BD-FE20CC5F7A90}.Release|Any CPU.ActiveCfg = Release|Any CPU
		{14B2F079-0561-44F7-B2BD-FE20CC5F7A90}.Release|Any CPU.Build.0 = Release|Any CPU
		{4DAA8510-5666-4268-85C1-E73278C7FAD4}.Debug|Any CPU.ActiveCfg = Debug|Any CPU
		{4DAA8510-5666-4268-85C1-E73278C7FAD4}.Debug|Any CPU.Build.0 = Debug|Any CPU
		{4DAA8510-5666-4268-85C1-E73278C7FAD4}.Release|Any CPU.ActiveCfg = Release|Any CPU
		{4DAA8510-5666-4268-85C1-E73278C7FAD4}.Release|Any CPU.Build.0 = Release|Any CPU
	EndGlobalSection
	GlobalSection(SolutionProperties) = preSolution
		HideSolutionNode = FALSE
	EndGlobalSection
	GlobalSection(ExtensibilityGlobals) = postSolution
		SolutionGuid = {B5F6CD50-E0F5-4CBB-A269-6B277245FD2D}
	EndGlobalSection
EndGlobal
