
Microsoft Visual Studio Solution File, Format Version 12.00
# Visual Studio Version 16
VisualStudioVersion = 16.0.32106.194
MinimumVisualStudioVersion = 10.0.40219.1
Project("{FAE04EC0-301F-11D3-BF4B-00C04F79EFBC}") = "Lesson_1", "Lesson_1\Lesson_1.csproj", "{942FCC54-96A5-40F9-B9E5-3C207390D426}"
EndProject
Project("{FAE04EC0-301F-11D3-BF4B-00C04F79EFBC}") = "Lesson_2", "Lesson_2\Lesson_2.csproj", "{521BE907-18E6-41D1-98B2-B28EB5446563}"
EndProject
Project("{FAE04EC0-301F-11D3-BF4B-00C04F79EFBC}") = "Lesson_3", "Lesson_3\Lesson_3.csproj", "{EBBAFBA7-C2B3-4FCC-953F-A662AC454258}"
EndProject
Project("{FAE04EC0-301F-11D3-BF4B-00C04F79EFBC}") = "Lesson_4_1", "Lesson_4_1\Lesson_4_1.csproj", "{7250E383-30D6-407D-BFC5-663B3FDB7F85}"
EndProject
Project("{FAE04EC0-301F-11D3-BF4B-00C04F79EFBC}") = "Lesson_5", "Lesson_5\Lesson_5.csproj", "{20B0D3FA-BFFA-4139-AB0A-B24B2EB72C5E}"
EndProject
Global
	GlobalSection(SolutionConfigurationPlatforms) = preSolution
		Debug|Any CPU = Debug|Any CPU
		Release|Any CPU = Release|Any CPU
	EndGlobalSection
	GlobalSection(ProjectConfigurationPlatforms) = postSolution
		{942FCC54-96A5-40F9-B9E5-3C207390D426}.Debug|Any CPU.ActiveCfg = Debug|Any CPU
		{942FCC54-96A5-40F9-B9E5-3C207390D426}.Debug|Any CPU.Build.0 = Debug|Any CPU
		{942FCC54-96A5-40F9-B9E5-3C207390D426}.Release|Any CPU.ActiveCfg = Release|Any CPU
		{942FCC54-96A5-40F9-B9E5-3C207390D426}.Release|Any CPU.Build.0 = Release|Any CPU
		{521BE907-18E6-41D1-98B2-B28EB5446563}.Debug|Any CPU.ActiveCfg = Debug|Any CPU
		{521BE907-18E6-41D1-98B2-B28EB5446563}.Debug|Any CPU.Build.0 = Debug|Any CPU
		{521BE907-18E6-41D1-98B2-B28EB5446563}.Release|Any CPU.ActiveCfg = Release|Any CPU
		{521BE907-18E6-41D1-98B2-B28EB5446563}.Release|Any CPU.Build.0 = Release|Any CPU
		{EBBAFBA7-C2B3-4FCC-953F-A662AC454258}.Debug|Any CPU.ActiveCfg = Debug|Any CPU
		{EBBAFBA7-C2B3-4FCC-953F-A662AC454258}.Debug|Any CPU.Build.0 = Debug|Any CPU
		{EBBAFBA7-C2B3-4FCC-953F-A662AC454258}.Release|Any CPU.ActiveCfg = Release|Any CPU
		{EBBAFBA7-C2B3-4FCC-953F-A662AC454258}.Release|Any CPU.Build.0 = Release|Any CPU
		{7250E383-30D6-407D-BFC5-663B3FDB7F85}.Debug|Any CPU.ActiveCfg = Debug|Any CPU
		{7250E383-30D6-407D-BFC5-663B3FDB7F85}.Debug|Any CPU.Build.0 = Debug|Any CPU
		{7250E383-30D6-407D-BFC5-663B3FDB7F85}.Release|Any CPU.ActiveCfg = Release|Any CPU
		{7250E383-30D6-407D-BFC5-663B3FDB7F85}.Release|Any CPU.Build.0 = Release|Any CPU
		{20B0D3FA-BFFA-4139-AB0A-B24B2EB72C5E}.Debug|Any CPU.ActiveCfg = Debug|Any CPU
		{20B0D3FA-BFFA-4139-AB0A-B24B2EB72C5E}.Debug|Any CPU.Build.0 = Debug|Any CPU
		{20B0D3FA-BFFA-4139-AB0A-B24B2EB72C5E}.Release|Any CPU.ActiveCfg = Release|Any CPU
		{20B0D3FA-BFFA-4139-AB0A-B24B2EB72C5E}.Release|Any CPU.Build.0 = Release|Any CPU
	EndGlobalSection
	GlobalSection(SolutionProperties) = preSolution
		HideSolutionNode = FALSE
	EndGlobalSection
	GlobalSection(ExtensibilityGlobals) = postSolution
		SolutionGuid = {B5F6CD50-E0F5-4CBB-A269-6B277245FD2D}
	EndGlobalSection
EndGlobal
